
Microsoft Visual Studio Solution File, Format Version 12.00
# Visual Studio Version 16
VisualStudioVersion = 16.0.31729.503
MinimumVisualStudioVersion = 10.0.40219.1
Project("{9A19103F-16F7-4668-BE54-9A1E7A4F7556}") = "ADP.Assignment.Common", "src\ADP.Assignment.Common\ADP.Assignment.Common.csproj", "{77694DE2-6654-46A9-B20D-4257998F240B}"
EndProject
Project("{9A19103F-16F7-4668-BE54-9A1E7A4F7556}") = "ADP.Assignment.Domain", "src\ADP.Assignment.Domain\ADP.Assignment.Domain.csproj", "{5650A6DB-2BBE-4A3B-8E91-EC85F81CC280}"
EndProject
Project("{9A19103F-16F7-4668-BE54-9A1E7A4F7556}") = "ADP.Assignment.Service", "src\ADP.Assignment.Service\ADP.Assignment.Service.csproj", "{47B4E26E-E8AD-40F7-AAF7-C410BF7584EF}"
EndProject
Project("{2150E333-8FDC-42A3-9474-1A3956D46DE8}") = "src", "src", "{6C3D8182-8C05-44EF-B3D8-4131E1B047E9}"
EndProject
Project("{2150E333-8FDC-42A3-9474-1A3956D46DE8}") = "test", "test", "{274B0EC6-20B1-467E-9DE5-858B85CB909A}"
EndProject
Project("{9A19103F-16F7-4668-BE54-9A1E7A4F7556}") = "ADP.Assignment.Unit.Tests", "test\ADP.Assignment.Unit.Tests\ADP.Assignment.Unit.Tests.csproj", "{7D4494E7-61A7-4C69-BCAE-231132ECAC98}"
EndProject
Project("{2150E333-8FDC-42A3-9474-1A3956D46DE8}") = "1 - Presentation", "1 - Presentation", "{D7542741-517C-4E8D-A35E-FB9F3E13438B}"
EndProject
Project("{2150E333-8FDC-42A3-9474-1A3956D46DE8}") = "2 - Services", "2 - Services", "{FEEA1E65-DAF5-4C90-95AA-A40CE7EE15F5}"
EndProject
Project("{2150E333-8FDC-42A3-9474-1A3956D46DE8}") = "3 - Application", "3 - Application", "{1934E00B-90C6-4FA8-B7C8-2DA631724DB3}"
EndProject
Project("{2150E333-8FDC-42A3-9474-1A3956D46DE8}") = "4 - Domain", "4 - Domain", "{0B18BD3C-CFBB-484F-8151-3DB44D5B6D4C}"
EndProject
Project("{2150E333-8FDC-42A3-9474-1A3956D46DE8}") = "5 - Infra", "5 - Infra", "{4929FEBC-ED02-40C7-BDD2-BFA05AE27187}"
EndProject
Project("{2150E333-8FDC-42A3-9474-1A3956D46DE8}") = "1 - Commons", "1 - Commons", "{84DFA921-5E66-4F23-B2AA-DC4F5E485E1E}"
EndProject
Project("{2150E333-8FDC-42A3-9474-1A3956D46DE8}") = "2 - Unit", "2 - Unit", "{7A32D098-7D5A-43F1-BFEA-383926B03A4C}"
EndProject
Project("{2150E333-8FDC-42A3-9474-1A3956D46DE8}") = "3 - Integration", "3 - Integration", "{9E4C4A93-C57E-479C-ABCB-34AA77DBDD61}"
EndProject
Project("{2150E333-8FDC-42A3-9474-1A3956D46DE8}") = "4 - Smoke", "4 - Smoke", "{6AB30FE7-E4F0-4B08-B295-BE88E0F0B9B8}"
EndProject
Global
	GlobalSection(SolutionConfigurationPlatforms) = preSolution
		Debug|Any CPU = Debug|Any CPU
		Release|Any CPU = Release|Any CPU
	EndGlobalSection
	GlobalSection(ProjectConfigurationPlatforms) = postSolution
		{77694DE2-6654-46A9-B20D-4257998F240B}.Debug|Any CPU.ActiveCfg = Debug|Any CPU
		{77694DE2-6654-46A9-B20D-4257998F240B}.Debug|Any CPU.Build.0 = Debug|Any CPU
		{77694DE2-6654-46A9-B20D-4257998F240B}.Release|Any CPU.ActiveCfg = Release|Any CPU
		{77694DE2-6654-46A9-B20D-4257998F240B}.Release|Any CPU.Build.0 = Release|Any CPU
		{5650A6DB-2BBE-4A3B-8E91-EC85F81CC280}.Debug|Any CPU.ActiveCfg = Debug|Any CPU
		{5650A6DB-2BBE-4A3B-8E91-EC85F81CC280}.Debug|Any CPU.Build.0 = Debug|Any CPU
		{5650A6DB-2BBE-4A3B-8E91-EC85F81CC280}.Release|Any CPU.ActiveCfg = Release|Any CPU
		{5650A6DB-2BBE-4A3B-8E91-EC85F81CC280}.Release|Any CPU.Build.0 = Release|Any CPU
		{47B4E26E-E8AD-40F7-AAF7-C410BF7584EF}.Debug|Any CPU.ActiveCfg = Debug|Any CPU
		{47B4E26E-E8AD-40F7-AAF7-C410BF7584EF}.Debug|Any CPU.Build.0 = Debug|Any CPU
		{47B4E26E-E8AD-40F7-AAF7-C410BF7584EF}.Release|Any CPU.ActiveCfg = Release|Any CPU
		{47B4E26E-E8AD-40F7-AAF7-C410BF7584EF}.Release|Any CPU.Build.0 = Release|Any CPU
		{7D4494E7-61A7-4C69-BCAE-231132ECAC98}.Debug|Any CPU.ActiveCfg = Debug|Any CPU
		{7D4494E7-61A7-4C69-BCAE-231132ECAC98}.Debug|Any CPU.Build.0 = Debug|Any CPU
		{7D4494E7-61A7-4C69-BCAE-231132ECAC98}.Release|Any CPU.ActiveCfg = Release|Any CPU
		{7D4494E7-61A7-4C69-BCAE-231132ECAC98}.Release|Any CPU.Build.0 = Release|Any CPU
	EndGlobalSection
	GlobalSection(SolutionProperties) = preSolution
		HideSolutionNode = FALSE
	EndGlobalSection
	GlobalSection(NestedProjects) = preSolution
		{77694DE2-6654-46A9-B20D-4257998F240B} = {4929FEBC-ED02-40C7-BDD2-BFA05AE27187}
		{5650A6DB-2BBE-4A3B-8E91-EC85F81CC280} = {0B18BD3C-CFBB-484F-8151-3DB44D5B6D4C}
		{47B4E26E-E8AD-40F7-AAF7-C410BF7584EF} = {FEEA1E65-DAF5-4C90-95AA-A40CE7EE15F5}
		{7D4494E7-61A7-4C69-BCAE-231132ECAC98} = {7A32D098-7D5A-43F1-BFEA-383926B03A4C}
		{D7542741-517C-4E8D-A35E-FB9F3E13438B} = {6C3D8182-8C05-44EF-B3D8-4131E1B047E9}
		{FEEA1E65-DAF5-4C90-95AA-A40CE7EE15F5} = {6C3D8182-8C05-44EF-B3D8-4131E1B047E9}
		{1934E00B-90C6-4FA8-B7C8-2DA631724DB3} = {6C3D8182-8C05-44EF-B3D8-4131E1B047E9}
		{0B18BD3C-CFBB-484F-8151-3DB44D5B6D4C} = {6C3D8182-8C05-44EF-B3D8-4131E1B047E9}
		{4929FEBC-ED02-40C7-BDD2-BFA05AE27187} = {6C3D8182-8C05-44EF-B3D8-4131E1B047E9}
		{84DFA921-5E66-4F23-B2AA-DC4F5E485E1E} = {274B0EC6-20B1-467E-9DE5-858B85CB909A}
		{7A32D098-7D5A-43F1-BFEA-383926B03A4C} = {274B0EC6-20B1-467E-9DE5-858B85CB909A}
		{9E4C4A93-C57E-479C-ABCB-34AA77DBDD61} = {274B0EC6-20B1-467E-9DE5-858B85CB909A}
		{6AB30FE7-E4F0-4B08-B295-BE88E0F0B9B8} = {274B0EC6-20B1-467E-9DE5-858B85CB909A}
	EndGlobalSection
	GlobalSection(ExtensibilityGlobals) = postSolution
		SolutionGuid = {711A2BC7-EFFE-42B2-A56A-F714AA641E4E}
	EndGlobalSection
EndGlobal
